
Microsoft Visual Studio Solution File, Format Version 12.00
# Visual Studio Version 17
VisualStudioVersion = 17.3.32819.101
MinimumVisualStudioVersion = 10.0.40219.1
Project("{FAE04EC0-301F-11D3-BF4B-00C04F79EFBC}") = "Labb 2 OOP Kitchen", "Labb 2 OOP Kitchen.csproj", "{C859C373-5A1D-4900-A52F-B3367DFEB366}"
EndProject
Global
	GlobalSection(SolutionConfigurationPlatforms) = preSolution
		Debug|Any CPU = Debug|Any CPU
		Release|Any CPU = Release|Any CPU
	EndGlobalSection
	GlobalSection(ProjectConfigurationPlatforms) = postSolution
		{C859C373-5A1D-4900-A52F-B3367DFEB366}.Debug|Any CPU.ActiveCfg = Debug|Any CPU
		{C859C373-5A1D-4900-A52F-B3367DFEB366}.Debug|Any CPU.Build.0 = Debug|Any CPU
		{C859C373-5A1D-4900-A52F-B3367DFEB366}.Release|Any CPU.ActiveCfg = Release|Any CPU
		{C859C373-5A1D-4900-A52F-B3367DFEB366}.Release|Any CPU.Build.0 = Release|Any CPU
	EndGlobalSection
	GlobalSection(SolutionProperties) = preSolution
		HideSolutionNode = FALSE
	EndGlobalSection
	GlobalSection(ExtensibilityGlobals) = postSolution
		SolutionGuid = {2DEFBEDA-27DF-4F5F-90F3-BC88116839E7}
	EndGlobalSection
EndGlobal
